
Microsoft Visual Studio Solution File, Format Version 12.00
# Visual Studio Version 16
VisualStudioVersion = 16.0.31112.23
MinimumVisualStudioVersion = 10.0.40219.1
Project("{FAE04EC0-301F-11D3-BF4B-00C04F79EFBC}") = "Niceland Inventory", "Niceland Inventory\Niceland Inventory.csproj", "{C866705D-46F7-4B1B-A24F-35AEB353C014}"
EndProject
Project("{FAE04EC0-301F-11D3-BF4B-00C04F79EFBC}") = "Niceland Inventory.Tests", "Niceland Inventory.Tests\Niceland Inventory.Tests.csproj", "{1AD62830-2CB1-40F9-AD8B-9BE4EE28C448}"
EndProject
Global
	GlobalSection(SolutionConfigurationPlatforms) = preSolution
		Debug|Any CPU = Debug|Any CPU
		Release|Any CPU = Release|Any CPU
	EndGlobalSection
	GlobalSection(ProjectConfigurationPlatforms) = postSolution
		{C866705D-46F7-4B1B-A24F-35AEB353C014}.Debug|Any CPU.ActiveCfg = Debug|Any CPU
		{C866705D-46F7-4B1B-A24F-35AEB353C014}.Debug|Any CPU.Build.0 = Debug|Any CPU
		{C866705D-46F7-4B1B-A24F-35AEB353C014}.Release|Any CPU.ActiveCfg = Release|Any CPU
		{C866705D-46F7-4B1B-A24F-35AEB353C014}.Release|Any CPU.Build.0 = Release|Any CPU
		{1AD62830-2CB1-40F9-AD8B-9BE4EE28C448}.Debug|Any CPU.ActiveCfg = Debug|Any CPU
		{1AD62830-2CB1-40F9-AD8B-9BE4EE28C448}.Debug|Any CPU.Build.0 = Debug|Any CPU
		{1AD62830-2CB1-40F9-AD8B-9BE4EE28C448}.Release|Any CPU.ActiveCfg = Release|Any CPU
		{1AD62830-2CB1-40F9-AD8B-9BE4EE28C448}.Release|Any CPU.Build.0 = Release|Any CPU
	EndGlobalSection
	GlobalSection(SolutionProperties) = preSolution
		HideSolutionNode = FALSE
	EndGlobalSection
	GlobalSection(ExtensibilityGlobals) = postSolution
		SolutionGuid = {5967DBB4-F0E6-42DD-B5F4-E61375855F73}
	EndGlobalSection
EndGlobal
